github.com/primatejs/go/primate v0.0.0-20231106191401-8062669228f0 h1:+tiVfUrscq07S9ljYjV2koQQZ91YthmKMbO5kunu0Wg=
github.com/primatejs/go/primate v0.0.0-20231106191401-8062669228f0/go.mod h1:8MqNd+O2f5GLip2TMJFW1fUC3cfm2cCTLWeVt1hR3Ds=
github.com/primatejs/go/primate v0.0.0-20231106195546-bda37e58acd1 h1:qxGaJFLkeVmUTfnKVxkZS5SV6sM+O73bZsUeGCfoRFA=
github.com/primatejs/go/primate v0.0.0-20231106195546-bda37e58acd1/go.mod h1:8MqNd+O2f5GLip2TMJFW1fUC3cfm2cCTLWeVt1hR3Ds=
