github.com/primate-run/primate v0.0.0-20250408224445-5de0ac938a5a h1:JCZRL2dg7hj5KpoK+1eNCERd0CVAaIAvLbbHMrLBINk=
github.com/primate-run/primate v0.0.0-20250408224445-5de0ac938a5a/go.mod h1:N/BL/Ti+GVZLKWUAyfJNJjQ/T29het6fVkNz350AwnU=
github.com/primate-run/primate v0.0.0-20250408231226-eb8658ce4032 h1:Fwdac9+GVT44uAPwdRvMHtGYLmgxQT8GfraQz3FO4TU=
github.com/primate-run/primate v0.0.0-20250408231226-eb8658ce4032/go.mod h1:N/BL/Ti+GVZLKWUAyfJNJjQ/T29het6fVkNz350AwnU=
github.com/primate-run/primate v0.0.0-20250408231857-85d315153c55 h1:991FzZUpml4CTDnpAO085tiyYMAHKxKBnYek0hf9OmQ=
github.com/primate-run/primate v0.0.0-20250408231857-85d315153c55/go.mod h1:N/BL/Ti+GVZLKWUAyfJNJjQ/T29het6fVkNz350AwnU=
github.com/primate-run/primate v0.0.0-20250408235223-38322be6c258 h1:mGuckoV6dWT6wJlIe52F5cbczRm3SlkjhhaUY66B4Ro=
github.com/primate-run/primate v0.0.0-20250408235223-38322be6c258/go.mod h1:N/BL/Ti+GVZLKWUAyfJNJjQ/T29het6fVkNz350AwnU=
